
Microsoft Visual Studio Solution File, Format Version 12.00
# Visual Studio 15
VisualStudioVersion = 15.0.26430.15
MinimumVisualStudioVersion = 10.0.40219.1
Project("{FAE04EC0-301F-11D3-BF4B-00C04F79EFBC}") = "AutoComposer", "AutoComposer\AutoComposer.csproj", "{961D97E0-C69C-4864-B561-3D1DECCF5488}"
EndProject
Project("{FAE04EC0-301F-11D3-BF4B-00C04F79EFBC}") = "AutoComposer.Tests", "AutoComposer.Tests\AutoComposer.Tests.csproj", "{F9AA074E-CECB-48BF-A631-322664977973}"
EndProject
Project("{FAE04EC0-301F-11D3-BF4B-00C04F79EFBC}") = "Benchmarking", "Benchmarking\Benchmarking.csproj", "{4375F75C-DA6B-4524-A63E-8C5CEDFFC586}"
EndProject
Global
	GlobalSection(SolutionConfigurationPlatforms) = preSolution
		Debug|Any CPU = Debug|Any CPU
		Release|Any CPU = Release|Any CPU
	EndGlobalSection
	GlobalSection(ProjectConfigurationPlatforms) = postSolution
		{961D97E0-C69C-4864-B561-3D1DECCF5488}.Debug|Any CPU.ActiveCfg = Debug|Any CPU
		{961D97E0-C69C-4864-B561-3D1DECCF5488}.Debug|Any CPU.Build.0 = Debug|Any CPU
		{961D97E0-C69C-4864-B561-3D1DECCF5488}.Release|Any CPU.ActiveCfg = Release|Any CPU
		{961D97E0-C69C-4864-B561-3D1DECCF5488}.Release|Any CPU.Build.0 = Release|Any CPU
		{F9AA074E-CECB-48BF-A631-322664977973}.Debug|Any CPU.ActiveCfg = Debug|Any CPU
		{F9AA074E-CECB-48BF-A631-322664977973}.Debug|Any CPU.Build.0 = Debug|Any CPU
		{F9AA074E-CECB-48BF-A631-322664977973}.Release|Any CPU.ActiveCfg = Release|Any CPU
		{F9AA074E-CECB-48BF-A631-322664977973}.Release|Any CPU.Build.0 = Release|Any CPU
		{4375F75C-DA6B-4524-A63E-8C5CEDFFC586}.Debug|Any CPU.ActiveCfg = Debug|Any CPU
		{4375F75C-DA6B-4524-A63E-8C5CEDFFC586}.Debug|Any CPU.Build.0 = Debug|Any CPU
		{4375F75C-DA6B-4524-A63E-8C5CEDFFC586}.Release|Any CPU.ActiveCfg = Release|Any CPU
		{4375F75C-DA6B-4524-A63E-8C5CEDFFC586}.Release|Any CPU.Build.0 = Release|Any CPU
	EndGlobalSection
	GlobalSection(SolutionProperties) = preSolution
		HideSolutionNode = FALSE
	EndGlobalSection
EndGlobal
